
Microsoft Visual Studio Solution File, Format Version 12.00
# Visual Studio Version 17
VisualStudioVersion = 17.2.32526.322
MinimumVisualStudioVersion = 10.0.40219.1
Project("{FAE04EC0-301F-11D3-BF4B-00C04F79EFBC}") = "ASPNETCoreRazor", "ASPNETCoreRazor\ASPNETCoreRazor.csproj", "{12EA632C-8C45-4308-A4BF-90DD78E54012}"
EndProject
Global
	GlobalSection(SolutionConfigurationPlatforms) = preSolution
		Debug|Any CPU = Debug|Any CPU
		Release|Any CPU = Release|Any CPU
	EndGlobalSection
	GlobalSection(ProjectConfigurationPlatforms) = postSolution
		{12EA632C-8C45-4308-A4BF-90DD78E54012}.Debug|Any CPU.ActiveCfg = Debug|Any CPU
		{12EA632C-8C45-4308-A4BF-90DD78E54012}.Debug|Any CPU.Build.0 = Debug|Any CPU
		{12EA632C-8C45-4308-A4BF-90DD78E54012}.Release|Any CPU.ActiveCfg = Release|Any CPU
		{12EA632C-8C45-4308-A4BF-90DD78E54012}.Release|Any CPU.Build.0 = Release|Any CPU
	EndGlobalSection
	GlobalSection(SolutionProperties) = preSolution
		HideSolutionNode = FALSE
	EndGlobalSection
	GlobalSection(ExtensibilityGlobals) = postSolution
		SolutionGuid = {D01404FC-003B-48EC-9038-430451A26083}
	EndGlobalSection
EndGlobal
