
Microsoft Visual Studio Solution File, Format Version 12.00
# Visual Studio Version 17
VisualStudioVersion = 17.2.32526.322
MinimumVisualStudioVersion = 10.0.40219.1
Project("{FAE04EC0-301F-11D3-BF4B-00C04F79EFBC}") = "BlazorServerSPA", "BlazorServerSPA\BlazorServerSPA.csproj", "{4A5FE435-129D-4181-AD8D-9E752BA49780}"
EndProject
Global
	GlobalSection(SolutionConfigurationPlatforms) = preSolution
		Debug|Any CPU = Debug|Any CPU
		Release|Any CPU = Release|Any CPU
	EndGlobalSection
	GlobalSection(ProjectConfigurationPlatforms) = postSolution
		{4A5FE435-129D-4181-AD8D-9E752BA49780}.Debug|Any CPU.ActiveCfg = Debug|Any CPU
		{4A5FE435-129D-4181-AD8D-9E752BA49780}.Debug|Any CPU.Build.0 = Debug|Any CPU
		{4A5FE435-129D-4181-AD8D-9E752BA49780}.Release|Any CPU.ActiveCfg = Release|Any CPU
		{4A5FE435-129D-4181-AD8D-9E752BA49780}.Release|Any CPU.Build.0 = Release|Any CPU
	EndGlobalSection
	GlobalSection(SolutionProperties) = preSolution
		HideSolutionNode = FALSE
	EndGlobalSection
	GlobalSection(ExtensibilityGlobals) = postSolution
		SolutionGuid = {C685C6D7-9085-44DF-B828-C1F4C8B16DD7}
	EndGlobalSection
EndGlobal
